// !$*UTF8*$!
{
	archiveVersion = 1;
	classes = {
	};
	objectVersion = 56;
	objects = {

/* Begin PBXBuildFile section */
		6A0BA83929A5C17A00126042 /* HomePageView.swift in Sources */ = {isa = PBXBuildFile; fileRef = 6A0BA83829A5C17A00126042 /* HomePageView.swift */; };
		6A0BA83B29A5C62200126042 /* MovieCollectionViewCell.swift in Sources */ = {isa = PBXBuildFile; fileRef = 6A0BA83A29A5C62200126042 /* MovieCollectionViewCell.swift */; };
		6A0BA83E29A606E700126042 /* Constant.swift in Sources */ = {isa = PBXBuildFile; fileRef = 6A0BA83D29A606E700126042 /* Constant.swift */; };
		6A0BA84029A6172600126042 /* UpcomingMovieViewCell.swift in Sources */ = {isa = PBXBuildFile; fileRef = 6A0BA83F29A6172600126042 /* UpcomingMovieViewCell.swift */; };
		6A0BA84429A659BA00126042 /* CustomCategoryView.swift in Sources */ = {isa = PBXBuildFile; fileRef = 6A0BA84329A659BA00126042 /* CustomCategoryView.swift */; };
		6A7E95DB29A764AD00497866 /* CastCollectionViewCell.swift in Sources */ = {isa = PBXBuildFile; fileRef = 6A7E95DA29A764AD00497866 /* CastCollectionViewCell.swift */; };
		6A7E95DD29A76E4200497866 /* InfoView.swift in Sources */ = {isa = PBXBuildFile; fileRef = 6A7E95DC29A76E4200497866 /* InfoView.swift */; };
		6A88295429A457A500845AC0 /* MovieHomePage.swift in Sources */ = {isa = PBXBuildFile; fileRef = 6A88295329A457A500845AC0 /* MovieHomePage.swift */; };
		6A88295729A45DFB00845AC0 /* MovieRecommend.swift in Sources */ = {isa = PBXBuildFile; fileRef = 6A88295629A45DFB00845AC0 /* MovieRecommend.swift */; };
		6A88295929A45E4200845AC0 /* ArrayResponse.swift in Sources */ = {isa = PBXBuildFile; fileRef = 6A88295829A45E4200845AC0 /* ArrayResponse.swift */; };
		6A88295C29A4609900845AC0 /* MovieRepository.swift in Sources */ = {isa = PBXBuildFile; fileRef = 6A88295B29A4609900845AC0 /* MovieRepository.swift */; };
		6ACFA6A929A71035001958EC /* MovieDetail.swift in Sources */ = {isa = PBXBuildFile; fileRef = 6ACFA6A829A71035001958EC /* MovieDetail.swift */; };
		6ACFA6AC29A7164C001958EC /* MovieDetailViewController.swift in Sources */ = {isa = PBXBuildFile; fileRef = 6ACFA6AB29A7164C001958EC /* MovieDetailViewController.swift */; };
		6ACFA6AE29A7251F001958EC /* MovieContentViewController.swift in Sources */ = {isa = PBXBuildFile; fileRef = 6ACFA6AD29A7251F001958EC /* MovieContentViewController.swift */; };
		6ACFA6B029A74797001958EC /* CustomButtonView.swift in Sources */ = {isa = PBXBuildFile; fileRef = 6ACFA6AF29A74797001958EC /* CustomButtonView.swift */; };
		6AF9194329A312A500753E57 /* AppDelegate.swift in Sources */ = {isa = PBXBuildFile; fileRef = 6AF9194229A312A500753E57 /* AppDelegate.swift */; };
		6AF9194529A312A500753E57 /* SceneDelegate.swift in Sources */ = {isa = PBXBuildFile; fileRef = 6AF9194429A312A500753E57 /* SceneDelegate.swift */; };
		6AF9194A29A312A500753E57 /* Main.storyboard in Resources */ = {isa = PBXBuildFile; fileRef = 6AF9194829A312A500753E57 /* Main.storyboard */; };
		6AF9194C29A312A700753E57 /* Assets.xcassets in Resources */ = {isa = PBXBuildFile; fileRef = 6AF9194B29A312A700753E57 /* Assets.xcassets */; };
		6AF9194F29A312A700753E57 /* LaunchScreen.storyboard in Resources */ = {isa = PBXBuildFile; fileRef = 6AF9194D29A312A700753E57 /* LaunchScreen.storyboard */; };
/* End PBXBuildFile section */

/* Begin PBXFileReference section */
		6A0BA83829A5C17A00126042 /* HomePageView.swift */ = {isa = PBXFileReference; lastKnownFileType = sourcecode.swift; path = HomePageView.swift; sourceTree = "<group>"; };
		6A0BA83A29A5C62200126042 /* MovieCollectionViewCell.swift */ = {isa = PBXFileReference; lastKnownFileType = sourcecode.swift; path = MovieCollectionViewCell.swift; sourceTree = "<group>"; };
		6A0BA83D29A606E700126042 /* Constant.swift */ = {isa = PBXFileReference; lastKnownFileType = sourcecode.swift; path = Constant.swift; sourceTree = "<group>"; };
		6A0BA83F29A6172600126042 /* UpcomingMovieViewCell.swift */ = {isa = PBXFileReference; lastKnownFileType = sourcecode.swift; path = UpcomingMovieViewCell.swift; sourceTree = "<group>"; };
		6A0BA84329A659BA00126042 /* CustomCategoryView.swift */ = {isa = PBXFileReference; lastKnownFileType = sourcecode.swift; path = CustomCategoryView.swift; sourceTree = "<group>"; };
		6A7E95DA29A764AD00497866 /* CastCollectionViewCell.swift */ = {isa = PBXFileReference; lastKnownFileType = sourcecode.swift; path = CastCollectionViewCell.swift; sourceTree = "<group>"; };
		6A7E95DC29A76E4200497866 /* InfoView.swift */ = {isa = PBXFileReference; lastKnownFileType = sourcecode.swift; path = InfoView.swift; sourceTree = "<group>"; };
		6A88295329A457A500845AC0 /* MovieHomePage.swift */ = {isa = PBXFileReference; lastKnownFileType = sourcecode.swift; path = MovieHomePage.swift; sourceTree = "<group>"; };
		6A88295629A45DFB00845AC0 /* MovieRecommend.swift */ = {isa = PBXFileReference; lastKnownFileType = sourcecode.swift; name = MovieRecommend.swift; path = movietop/Models/MovieRecommend.swift; sourceTree = SOURCE_ROOT; };
		6A88295829A45E4200845AC0 /* ArrayResponse.swift */ = {isa = PBXFileReference; lastKnownFileType = sourcecode.swift; name = ArrayResponse.swift; path = movietop/Models/ArrayResponse.swift; sourceTree = SOURCE_ROOT; };
		6A88295B29A4609900845AC0 /* MovieRepository.swift */ = {isa = PBXFileReference; lastKnownFileType = sourcecode.swift; path = MovieRepository.swift; sourceTree = "<group>"; };
		6ACFA6A829A71035001958EC /* MovieDetail.swift */ = {isa = PBXFileReference; lastKnownFileType = sourcecode.swift; path = MovieDetail.swift; sourceTree = "<group>"; };
		6ACFA6AB29A7164C001958EC /* MovieDetailViewController.swift */ = {isa = PBXFileReference; lastKnownFileType = sourcecode.swift; path = MovieDetailViewController.swift; sourceTree = "<group>"; };
		6ACFA6AD29A7251F001958EC /* MovieContentViewController.swift */ = {isa = PBXFileReference; lastKnownFileType = sourcecode.swift; path = MovieContentViewController.swift; sourceTree = "<group>"; };
		6ACFA6AF29A74797001958EC /* CustomButtonView.swift */ = {isa = PBXFileReference; lastKnownFileType = sourcecode.swift; path = CustomButtonView.swift; sourceTree = "<group>"; };
		6AF9193F29A312A500753E57 /* movietop.app */ = {isa = PBXFileReference; explicitFileType = wrapper.application; includeInIndex = 0; path = movietop.app; sourceTree = BUILT_PRODUCTS_DIR; };
		6AF9194229A312A500753E57 /* AppDelegate.swift */ = {isa = PBXFileReference; lastKnownFileType = sourcecode.swift; path = AppDelegate.swift; sourceTree = "<group>"; };
		6AF9194429A312A500753E57 /* SceneDelegate.swift */ = {isa = PBXFileReference; lastKnownFileType = sourcecode.swift; path = SceneDelegate.swift; sourceTree = "<group>"; };
		6AF9194929A312A500753E57 /* Base */ = {isa = PBXFileReference; lastKnownFileType = file.storyboard; name = Base; path = Base.lproj/Main.storyboard; sourceTree = "<group>"; };
		6AF9194B29A312A700753E57 /* Assets.xcassets */ = {isa = PBXFileReference; lastKnownFileType = folder.assetcatalog; path = Assets.xcassets; sourceTree = "<group>"; };
		6AF9194E29A312A700753E57 /* Base */ = {isa = PBXFileReference; lastKnownFileType = file.storyboard; name = Base; path = Base.lproj/LaunchScreen.storyboard; sourceTree = "<group>"; };
		6AF9195029A312A700753E57 /* Info.plist */ = {isa = PBXFileReference; lastKnownFileType = text.plist.xml; path = Info.plist; sourceTree = "<group>"; };
/* End PBXFileReference section */

/* Begin PBXFrameworksBuildPhase section */
		6AF9193C29A312A500753E57 /* Frameworks */ = {
			isa = PBXFrameworksBuildPhase;
			buildActionMask = 2147483647;
			files = (
			);
			runOnlyForDeploymentPostprocessing = 0;
		};
/* End PBXFrameworksBuildPhase section */

/* Begin PBXGroup section */
		6A0BA83529A5C11A00126042 /* HomePage */ = {
			isa = PBXGroup;
			children = (
				6A0BA83829A5C17A00126042 /* HomePageView.swift */,
				6A0BA83A29A5C62200126042 /* MovieCollectionViewCell.swift */,
				6A0BA83F29A6172600126042 /* UpcomingMovieViewCell.swift */,
				6A0BA84329A659BA00126042 /* CustomCategoryView.swift */,
			);
			path = HomePage;
			sourceTree = "<group>";
		};
		6A0BA83C29A606B000126042 /* Common */ = {
			isa = PBXGroup;
			children = (
				6A0BA83D29A606E700126042 /* Constant.swift */,
			);
			path = Common;
			sourceTree = "<group>";
		};
		6A88295A29A4606000845AC0 /* NetworkService */ = {
			isa = PBXGroup;
			children = (
				6A88295B29A4609900845AC0 /* MovieRepository.swift */,
			);
			path = NetworkService;
			sourceTree = "<group>";
		};
		6ACFA6A729A70FED001958EC /* Models */ = {
			isa = PBXGroup;
			children = (
				6A88295629A45DFB00845AC0 /* MovieRecommend.swift */,
				6A88295829A45E4200845AC0 /* ArrayResponse.swift */,
				6ACFA6A829A71035001958EC /* MovieDetail.swift */,
			);
			path = Models;
			sourceTree = "<group>";
		};
		6ACFA6AA29A71615001958EC /* MovieDetailPage */ = {
			isa = PBXGroup;
			children = (
				6ACFA6AB29A7164C001958EC /* MovieDetailViewController.swift */,
				6ACFA6AD29A7251F001958EC /* MovieContentViewController.swift */,
				6ACFA6AF29A74797001958EC /* CustomButtonView.swift */,
				6A7E95DA29A764AD00497866 /* CastCollectionViewCell.swift */,
				6A7E95DC29A76E4200497866 /* InfoView.swift */,
			);
			path = MovieDetailPage;
			sourceTree = "<group>";
		};
		6AF9193629A312A500753E57 = {
			isa = PBXGroup;
			children = (
				6AF9194129A312A500753E57 /* movietop */,
				6AF9194029A312A500753E57 /* Products */,
			);
			sourceTree = "<group>";
		};
		6AF9194029A312A500753E57 /* Products */ = {
			isa = PBXGroup;
			children = (
				6AF9193F29A312A500753E57 /* movietop.app */,
			);
			name = Products;
			sourceTree = "<group>";
		};
		6AF9194129A312A500753E57 /* movietop */ = {
			isa = PBXGroup;
			children = (
				6ACFA6AA29A71615001958EC /* MovieDetailPage */,
				6ACFA6A729A70FED001958EC /* Models */,
				6A0BA83C29A606B000126042 /* Common */,
				6A0BA83529A5C11A00126042 /* HomePage */,
				6A88295A29A4606000845AC0 /* NetworkService */,
				6AF9194229A312A500753E57 /* AppDelegate.swift */,
				6AF9194429A312A500753E57 /* SceneDelegate.swift */,
				6A88295329A457A500845AC0 /* MovieHomePage.swift */,
				6AF9194829A312A500753E57 /* Main.storyboard */,
				6AF9194B29A312A700753E57 /* Assets.xcassets */,
				6AF9194D29A312A700753E57 /* LaunchScreen.storyboard */,
				6AF9195029A312A700753E57 /* Info.plist */,
			);
			path = movietop;
			sourceTree = "<group>";
		};
/* End PBXGroup section */

/* Begin PBXNativeTarget section */
		6AF9193E29A312A500753E57 /* movietop */ = {
			isa = PBXNativeTarget;
			buildConfigurationList = 6AF9195329A312A700753E57 /* Build configuration list for PBXNativeTarget "movietop" */;
			buildPhases = (
				6AF9193B29A312A500753E57 /* Sources */,
				6AF9193C29A312A500753E57 /* Frameworks */,
				6AF9193D29A312A500753E57 /* Resources */,
			);
			buildRules = (
			);
			dependencies = (
			);
			name = movietop;
			productName = movietop;
			productReference = 6AF9193F29A312A500753E57 /* movietop.app */;
			productType = "com.apple.product-type.application";
		};
/* End PBXNativeTarget section */

/* Begin PBXProject section */
		6AF9193729A312A500753E57 /* Project object */ = {
			isa = PBXProject;
			attributes = {
				BuildIndependentTargetsInParallel = 1;
				LastSwiftUpdateCheck = 1420;
				LastUpgradeCheck = 1420;
				TargetAttributes = {
					6AF9193E29A312A500753E57 = {
						CreatedOnToolsVersion = 14.2;
					};
				};
			};
			buildConfigurationList = 6AF9193A29A312A500753E57 /* Build configuration list for PBXProject "movietop" */;
			compatibilityVersion = "Xcode 14.0";
			developmentRegion = en;
			hasScannedForEncodings = 0;
			knownRegions = (
				en,
				Base,
			);
			mainGroup = 6AF9193629A312A500753E57;
			productRefGroup = 6AF9194029A312A500753E57 /* Products */;
			projectDirPath = "";
			projectRoot = "";
			targets = (
				6AF9193E29A312A500753E57 /* movietop */,
			);
		};
/* End PBXProject section */

/* Begin PBXResourcesBuildPhase section */
		6AF9193D29A312A500753E57 /* Resources */ = {
			isa = PBXResourcesBuildPhase;
			buildActionMask = 2147483647;
			files = (
				6AF9194F29A312A700753E57 /* LaunchScreen.storyboard in Resources */,
				6AF9194C29A312A700753E57 /* Assets.xcassets in Resources */,
				6AF9194A29A312A500753E57 /* Main.storyboard in Resources */,
			);
			runOnlyForDeploymentPostprocessing = 0;
		};
/* End PBXResourcesBuildPhase section */

/* Begin PBXSourcesBuildPhase section */
		6AF9193B29A312A500753E57 /* Sources */ = {
			isa = PBXSourcesBuildPhase;
			buildActionMask = 2147483647;
			files = (
				6ACFA6B029A74797001958EC /* CustomButtonView.swift in Sources */,
				6A88295929A45E4200845AC0 /* ArrayResponse.swift in Sources */,
				6A88295429A457A500845AC0 /* MovieHomePage.swift in Sources */,
				6A88295729A45DFB00845AC0 /* MovieRecommend.swift in Sources */,
				6A7E95DD29A76E4200497866 /* InfoView.swift in Sources */,
				6ACFA6A929A71035001958EC /* MovieDetail.swift in Sources */,
				6ACFA6AE29A7251F001958EC /* MovieContentViewController.swift in Sources */,
				6ACFA6AC29A7164C001958EC /* MovieDetailViewController.swift in Sources */,
				6A88295C29A4609900845AC0 /* MovieRepository.swift in Sources */,
				6AF9194329A312A500753E57 /* AppDelegate.swift in Sources */,
				6A7E95DB29A764AD00497866 /* CastCollectionViewCell.swift in Sources */,
				6A0BA84029A6172600126042 /* UpcomingMovieViewCell.swift in Sources */,
				6A0BA83B29A5C62200126042 /* MovieCollectionViewCell.swift in Sources */,
				6A0BA83E29A606E700126042 /* Constant.swift in Sources */,
				6A0BA83929A5C17A00126042 /* HomePageView.swift in Sources */,
				6A0BA84429A659BA00126042 /* CustomCategoryView.swift in Sources */,
				6AF9194529A312A500753E57 /* SceneDelegate.swift in Sources */,
			);
			runOnlyForDeploymentPostprocessing = 0;
		};
/* End PBXSourcesBuildPhase section */

/* Begin PBXVariantGroup section */
		6AF9194829A312A500753E57 /* Main.storyboard */ = {
			isa = PBXVariantGroup;
			children = (
				6AF9194929A312A500753E57 /* Base */,
			);
			name = Main.storyboard;
			sourceTree = "<group>";
		};
		6AF9194D29A312A700753E57 /* LaunchScreen.storyboard */ = {
			isa = PBXVariantGroup;
			children = (
				6AF9194E29A312A700753E57 /* Base */,
			);
			name = LaunchScreen.storyboard;
			sourceTree = "<group>";
		};
/* End PBXVariantGroup section */

/* Begin XCBuildConfiguration section */
		6AF9195129A312A700753E57 /* Debug */ = {
			isa = XCBuildConfiguration;
			buildSettings = {
				ALWAYS_SEARCH_USER_PATHS = NO;
				CLANG_ANALYZER_NONNULL = YES;
				CLANG_ANALYZER_NUMBER_OBJECT_CONVERSION = YES_AGGRESSIVE;
				CLANG_CXX_LANGUAGE_STANDARD = "gnu++20";
				CLANG_ENABLE_MODULES = YES;
				CLANG_ENABLE_OBJC_ARC = YES;
				CLANG_ENABLE_OBJC_WEAK = YES;
				CLANG_WARN_BLOCK_CAPTURE_AUTORELEASING = YES;
				CLANG_WARN_BOOL_CONVERSION = YES;
				CLANG_WARN_COMMA = YES;
				CLANG_WARN_CONSTANT_CONVERSION = YES;
				CLANG_WARN_DEPRECATED_OBJC_IMPLEMENTATIONS = YES;
				CLANG_WARN_DIRECT_OBJC_ISA_USAGE = YES_ERROR;
				CLANG_WARN_DOCUMENTATION_COMMENTS = YES;
				CLANG_WARN_EMPTY_BODY = YES;
				CLANG_WARN_ENUM_CONVERSION = YES;
				CLANG_WARN_INFINITE_RECURSION = YES;
				CLANG_WARN_INT_CONVERSION = YES;
				CLANG_WARN_NON_LITERAL_NULL_CONVERSION = YES;
				CLANG_WARN_OBJC_IMPLICIT_RETAIN_SELF = YES;
				CLANG_WARN_OBJC_LITERAL_CONVERSION = YES;
				CLANG_WARN_OBJC_ROOT_CLASS = YES_ERROR;
				CLANG_WARN_QUOTED_INCLUDE_IN_FRAMEWORK_HEADER = YES;
				CLANG_WARN_RANGE_LOOP_ANALYSIS = YES;
				CLANG_WARN_STRICT_PROTOTYPES = YES;
				CLANG_WARN_SUSPICIOUS_MOVE = YES;
				CLANG_WARN_UNGUARDED_AVAILABILITY = YES_AGGRESSIVE;
				CLANG_WARN_UNREACHABLE_CODE = YES;
				CLANG_WARN__DUPLICATE_METHOD_MATCH = YES;
				COPY_PHASE_STRIP = NO;
				DEBUG_INFORMATION_FORMAT = dwarf;
				ENABLE_STRICT_OBJC_MSGSEND = YES;
				ENABLE_TESTABILITY = YES;
				GCC_C_LANGUAGE_STANDARD = gnu11;
				GCC_DYNAMIC_NO_PIC = NO;
				GCC_NO_COMMON_BLOCKS = YES;
				GCC_OPTIMIZATION_LEVEL = 0;
				GCC_PREPROCESSOR_DEFINITIONS = (
					"DEBUG=1",
					"$(inherited)",
				);
				GCC_WARN_64_TO_32_BIT_CONVERSION = YES;
				GCC_WARN_ABOUT_RETURN_TYPE = YES_ERROR;
				GCC_WARN_UNDECLARED_SELECTOR = YES;
				GCC_WARN_UNINITIALIZED_AUTOS = YES_AGGRESSIVE;
				GCC_WARN_UNUSED_FUNCTION = YES;
				GCC_WARN_UNUSED_VARIABLE = YES;
				IPHONEOS_DEPLOYMENT_TARGET = 16.2;
				MTL_ENABLE_DEBUG_INFO = INCLUDE_SOURCE;
				MTL_FAST_MATH = YES;
				ONLY_ACTIVE_ARCH = YES;
				SDKROOT = iphoneos;
				SWIFT_ACTIVE_COMPILATION_CONDITIONS = DEBUG;
				SWIFT_OPTIMIZATION_LEVEL = "-Onone";
			};
			name = Debug;
		};
		6AF9195229A312A700753E57 /* Release */ = {
			isa = XCBuildConfiguration;
			buildSettings = {
				ALWAYS_SEARCH_USER_PATHS = NO;
				CLANG_ANALYZER_NONNULL = YES;
				CLANG_ANALYZER_NUMBER_OBJECT_CONVERSION = YES_AGGRESSIVE;
				CLANG_CXX_LANGUAGE_STANDARD = "gnu++20";
				CLANG_ENABLE_MODULES = YES;
				CLANG_ENABLE_OBJC_ARC = YES;
				CLANG_ENABLE_OBJC_WEAK = YES;
				CLANG_WARN_BLOCK_CAPTURE_AUTORELEASING = YES;
				CLANG_WARN_BOOL_CONVERSION = YES;
				CLANG_WARN_COMMA = YES;
				CLANG_WARN_CONSTANT_CONVERSION = YES;
				CLANG_WARN_DEPRECATED_OBJC_IMPLEMENTATIONS = YES;
				CLANG_WARN_DIRECT_OBJC_ISA_USAGE = YES_ERROR;
				CLANG_WARN_DOCUMENTATION_COMMENTS = YES;
				CLANG_WARN_EMPTY_BODY = YES;
				CLANG_WARN_ENUM_CONVERSION = YES;
				CLANG_WARN_INFINITE_RECURSION = YES;
				CLANG_WARN_INT_CONVERSION = YES;
				CLANG_WARN_NON_LITERAL_NULL_CONVERSION = YES;
				CLANG_WARN_OBJC_IMPLICIT_RETAIN_SELF = YES;
				CLANG_WARN_OBJC_LITERAL_CONVERSION = YES;
				CLANG_WARN_OBJC_ROOT_CLASS = YES_ERROR;
				CLANG_WARN_QUOTED_INCLUDE_IN_FRAMEWORK_HEADER = YES;
				CLANG_WARN_RANGE_LOOP_ANALYSIS = YES;
				CLANG_WARN_STRICT_PROTOTYPES = YES;
				CLANG_WARN_SUSPICIOUS_MOVE = YES;
				CLANG_WARN_UNGUARDED_AVAILABILITY = YES_AGGRESSIVE;
				CLANG_WARN_UNREACHABLE_CODE = YES;
				CLANG_WARN__DUPLICATE_METHOD_MATCH = YES;
				COPY_PHASE_STRIP = NO;
				DEBUG_INFORMATION_FORMAT = "dwarf-with-dsym";
				ENABLE_NS_ASSERTIONS = NO;
				ENABLE_STRICT_OBJC_MSGSEND = YES;
				GCC_C_LANGUAGE_STANDARD = gnu11;
				GCC_NO_COMMON_BLOCKS = YES;
				GCC_WARN_64_TO_32_BIT_CONVERSION = YES;
				GCC_WARN_ABOUT_RETURN_TYPE = YES_ERROR;
				GCC_WARN_UNDECLARED_SELECTOR = YES;
				GCC_WARN_UNINITIALIZED_AUTOS = YES_AGGRESSIVE;
				GCC_WARN_UNUSED_FUNCTION = YES;
				GCC_WARN_UNUSED_VARIABLE = YES;
				IPHONEOS_DEPLOYMENT_TARGET = 16.2;
				MTL_ENABLE_DEBUG_INFO = NO;
				MTL_FAST_MATH = YES;
				SDKROOT = iphoneos;
				SWIFT_COMPILATION_MODE = wholemodule;
				SWIFT_OPTIMIZATION_LEVEL = "-O";
				VALIDATE_PRODUCT = YES;
			};
			name = Release;
		};
		6AF9195429A312A700753E57 /* Debug */ = {
			isa = XCBuildConfiguration;
			buildSettings = {
				ASSETCATALOG_COMPILER_APPICON_NAME = AppIcon;
				ASSETCATALOG_COMPILER_GLOBAL_ACCENT_COLOR_NAME = AccentColor;
				CODE_SIGN_STYLE = Automatic;
				CURRENT_PROJECT_VERSION = 1;
				DEVELOPMENT_TEAM = 298X55CX6J;
				GENERATE_INFOPLIST_FILE = YES;
				INFOPLIST_FILE = movietop/Info.plist;
				INFOPLIST_KEY_UIApplicationSupportsIndirectInputEvents = YES;
				INFOPLIST_KEY_UILaunchStoryboardName = LaunchScreen;
				INFOPLIST_KEY_UIMainStoryboardFile = Main;
				INFOPLIST_KEY_UIStatusBarStyle = "";
				INFOPLIST_KEY_UISupportedInterfaceOrientations = UIInterfaceOrientationPortrait;
				LD_RUNPATH_SEARCH_PATHS = (
					"$(inherited)",
					"@executable_path/Frameworks",
				);
				MARKETING_VERSION = 1.0;
				PRODUCT_BUNDLE_IDENTIFIER = hungdq.movietop;
				PRODUCT_NAME = "$(TARGET_NAME)";
				SWIFT_EMIT_LOC_STRINGS = YES;
				SWIFT_VERSION = 5.0;
				TARGETED_DEVICE_FAMILY = "1,2";
			};
			name = Debug;
		};
		6AF9195529A312A700753E57 /* Release */ = {
			isa = XCBuildConfiguration;
			buildSettings = {
				ASSETCATALOG_COMPILER_APPICON_NAME = AppIcon;
				ASSETCATALOG_COMPILER_GLOBAL_ACCENT_COLOR_NAME = AccentColor;
				CODE_SIGN_STYLE = Automatic;
				CURRENT_PROJECT_VERSION = 1;
				DEVELOPMENT_TEAM = 298X55CX6J;
				GENERATE_INFOPLIST_FILE = YES;
				INFOPLIST_FILE = movietop/Info.plist;
				INFOPLIST_KEY_UIApplicationSupportsIndirectInputEvents = YES;
				INFOPLIST_KEY_UILaunchStoryboardName = LaunchScreen;
				INFOPLIST_KEY_UIMainStoryboardFile = Main;
				INFOPLIST_KEY_UIStatusBarStyle = "";
				INFOPLIST_KEY_UISupportedInterfaceOrientations = UIInterfaceOrientationPortrait;
				LD_RUNPATH_SEARCH_PATHS = (
					"$(inherited)",
					"@executable_path/Frameworks",
				);
				MARKETING_VERSION = 1.0;
				PRODUCT_BUNDLE_IDENTIFIER = hungdq.movietop;
				PRODUCT_NAME = "$(TARGET_NAME)";
				SWIFT_EMIT_LOC_STRINGS = YES;
				SWIFT_VERSION = 5.0;
				TARGETED_DEVICE_FAMILY = "1,2";
			};
			name = Release;
		};
/* End XCBuildConfiguration section */

/* Begin XCConfigurationList section */
		6AF9193A29A312A500753E57 /* Build configuration list for PBXProject "movietop" */ = {
			isa = XCConfigurationList;
			buildConfigurations = (
				6AF9195129A312A700753E57 /* Debug */,
				6AF9195229A312A700753E57 /* Release */,
			);
			defaultConfigurationIsVisible = 0;
			defaultConfigurationName = Release;
		};
		6AF9195329A312A700753E57 /* Build configuration list for PBXNativeTarget "movietop" */ = {
			isa = XCConfigurationList;
			buildConfigurations = (
				6AF9195429A312A700753E57 /* Debug */,
				6AF9195529A312A700753E57 /* Release */,
			);
			defaultConfigurationIsVisible = 0;
			defaultConfigurationName = Release;
		};
/* End XCConfigurationList section */
	};
	rootObject = 6AF9193729A312A500753E57 /* Project object */;
}
